
Microsoft Visual Studio Solution File, Format Version 12.00
# Visual Studio Version 16
VisualStudioVersion = 16.0.810.4
MinimumVisualStudioVersion = 10.0.40219.1
Project("{FAE04EC0-301F-11D3-BF4B-00C04F79EFBC}") = "Asstinfo", "Asstinfo\Asstinfo.csproj", "{EC3B5F05-4AE4-4974-A3CF-5CF1E88CE906}"
EndProject
Global
	GlobalSection(SolutionConfigurationPlatforms) = preSolution
		Debug|Any CPU = Debug|Any CPU
		Release|Any CPU = Release|Any CPU
	EndGlobalSection
	GlobalSection(ProjectConfigurationPlatforms) = postSolution
		{EC3B5F05-4AE4-4974-A3CF-5CF1E88CE906}.Debug|Any CPU.ActiveCfg = Debug|Any CPU
		{EC3B5F05-4AE4-4974-A3CF-5CF1E88CE906}.Debug|Any CPU.Build.0 = Debug|Any CPU
		{EC3B5F05-4AE4-4974-A3CF-5CF1E88CE906}.Release|Any CPU.ActiveCfg = Release|Any CPU
		{EC3B5F05-4AE4-4974-A3CF-5CF1E88CE906}.Release|Any CPU.Build.0 = Release|Any CPU
	EndGlobalSection
	GlobalSection(SolutionProperties) = preSolution
		HideSolutionNode = FALSE
	EndGlobalSection
	GlobalSection(ExtensibilityGlobals) = postSolution
		SolutionGuid = {19F68BE4-A0DF-4EC8-BF44-F15F409A71FD}
	EndGlobalSection
EndGlobal
